
Microsoft Visual Studio Solution File, Format Version 12.00
# Visual Studio Version 17
VisualStudioVersion = 17.9.34714.143
MinimumVisualStudioVersion = 10.0.40219.1
Project("{9A19103F-16F7-4668-BE54-9A1E7A4F7556}") = "MovieApp", "MovieApp\MovieApp.csproj", "{3CCE6686-EBE6-4E52-AD8D-E84AF8F427C0}"
EndProject
Project("{FAE04EC0-301F-11D3-BF4B-00C04F79EFBC}") = "Movie.Domain", "Movie.Domain\Movie.Domain.csproj", "{EAE3992E-14A6-474A-9644-0D292309754B}"
EndProject
Project("{FAE04EC0-301F-11D3-BF4B-00C04F79EFBC}") = "Movie.Service", "Movie.Service\Movie.Service.csproj", "{ACE14352-46FB-4034-B5A4-1E21C52AF19F}"
EndProject
Project("{FAE04EC0-301F-11D3-BF4B-00C04F79EFBC}") = "Movie.Repository", "Movie.Repository\Movie.Repository.csproj", "{9870AF16-E448-4281-A11D-2DB2527598C0}"
EndProject
Global
	GlobalSection(SolutionConfigurationPlatforms) = preSolution
		Debug|Any CPU = Debug|Any CPU
		Release|Any CPU = Release|Any CPU
	EndGlobalSection
	GlobalSection(ProjectConfigurationPlatforms) = postSolution
		{3CCE6686-EBE6-4E52-AD8D-E84AF8F427C0}.Debug|Any CPU.ActiveCfg = Debug|Any CPU
		{3CCE6686-EBE6-4E52-AD8D-E84AF8F427C0}.Debug|Any CPU.Build.0 = Debug|Any CPU
		{3CCE6686-EBE6-4E52-AD8D-E84AF8F427C0}.Release|Any CPU.ActiveCfg = Release|Any CPU
		{3CCE6686-EBE6-4E52-AD8D-E84AF8F427C0}.Release|Any CPU.Build.0 = Release|Any CPU
		{EAE3992E-14A6-474A-9644-0D292309754B}.Debug|Any CPU.ActiveCfg = Debug|Any CPU
		{EAE3992E-14A6-474A-9644-0D292309754B}.Debug|Any CPU.Build.0 = Debug|Any CPU
		{EAE3992E-14A6-474A-9644-0D292309754B}.Release|Any CPU.ActiveCfg = Release|Any CPU
		{EAE3992E-14A6-474A-9644-0D292309754B}.Release|Any CPU.Build.0 = Release|Any CPU
		{ACE14352-46FB-4034-B5A4-1E21C52AF19F}.Debug|Any CPU.ActiveCfg = Debug|Any CPU
		{ACE14352-46FB-4034-B5A4-1E21C52AF19F}.Debug|Any CPU.Build.0 = Debug|Any CPU
		{ACE14352-46FB-4034-B5A4-1E21C52AF19F}.Release|Any CPU.ActiveCfg = Release|Any CPU
		{ACE14352-46FB-4034-B5A4-1E21C52AF19F}.Release|Any CPU.Build.0 = Release|Any CPU
		{9870AF16-E448-4281-A11D-2DB2527598C0}.Debug|Any CPU.ActiveCfg = Debug|Any CPU
		{9870AF16-E448-4281-A11D-2DB2527598C0}.Debug|Any CPU.Build.0 = Debug|Any CPU
		{9870AF16-E448-4281-A11D-2DB2527598C0}.Release|Any CPU.ActiveCfg = Release|Any CPU
		{9870AF16-E448-4281-A11D-2DB2527598C0}.Release|Any CPU.Build.0 = Release|Any CPU
	EndGlobalSection
	GlobalSection(SolutionProperties) = preSolution
		HideSolutionNode = FALSE
	EndGlobalSection
	GlobalSection(ExtensibilityGlobals) = postSolution
		SolutionGuid = {929129C3-CF31-4BC5-B6B4-A106695E8C7B}
	EndGlobalSection
EndGlobal
